PODS:
  - Alamofire (5.2.2)
  - KakaoSDKAuth (2.0.2):
    - KakaoSDKCommon (= 2.0.2)
  - KakaoSDKCommon (2.0.2):
    - Alamofire (~> 5.1)
  - KakaoSDKUser (2.0.2):
    - KakaoSDKAuth (= 2.0.2)
    - KakaoSDKCommon (= 2.0.2)
  - naveridlogin-sdk-ios (4.1.2)
  - Pageboy (3.6.1)
  - Tabman (2.9.1):
    - Pageboy (~> 3.6.0)

DEPENDENCIES:
  - KakaoSDKAuth
  - KakaoSDKUser
  - naveridlogin-sdk-ios
  - Tabman (~> 2.9)

SPEC REPOS:
  trunk:
    - Alamofire
    - KakaoSDKAuth
    - KakaoSDKCommon
    - KakaoSDKUser
    - naveridlogin-sdk-ios
    - Pageboy
    - Tabman

SPEC CHECKSUMS:
  Alamofire: 814429acc853c6c54ff123fc3d2ef66803823ce0
  KakaoSDKAuth: 69698a4a6726f2b43fb43246891a1a747343935e
  KakaoSDKCommon: 2226e13fbbd4a875826c7a348cf4f535392a4b8f
  KakaoSDKUser: a4a82ba374e0b3478be3f66307943e85542149ee
  naveridlogin-sdk-ios: cf8afccdb1793d4ecfcd5d46aa8729d8b5058c70
  Pageboy: 29a2d474ad99404b4d77f325e0ab6d705930a4fb
  Tabman: 085d89c65be9e883629bdaf5b1453a6397e57846

PODFILE CHECKSUM: f28957549990be9d1e219cecb7fa2fb56f380f31

COCOAPODS: 1.9.1
