// !$*UTF8*$!
{
	archiveVersion = 1;
	classes = {
	};
	objectVersion = 51;
	objects = {

/* Begin PBXBuildFile section */
		04DA2E706C5F58E01D6934BE /* Pods_haruGomin.framework in Frameworks */ = {isa = PBXBuildFile; fileRef = C6F612E390C7B06EC3EBE00E /* Pods_haruGomin.framework */; };
		FF1A7AE2251F83F300B95773 /* storyCollectionViewCell.swift in Sources */ = {isa = PBXBuildFile; fileRef = FF1A7AE0251F83F300B95773 /* storyCollectionViewCell.swift */; };
		FF1A7AE3251F83F300B95773 /* storyCollectionViewCell.xib in Resources */ = {isa = PBXBuildFile; fileRef = FF1A7AE1251F83F300B95773 /* storyCollectionViewCell.xib */; };
		FF1A7AE8251F8C1900B95773 /* newGominTableViewCell.swift in Sources */ = {isa = PBXBuildFile; fileRef = FF1A7AE6251F8C1900B95773 /* newGominTableViewCell.swift */; };
		FF1A7AE9251F8C1900B95773 /* newGominTableViewCell.xib in Resources */ = {isa = PBXBuildFile; fileRef = FF1A7AE7251F8C1900B95773 /* newGominTableViewCell.xib */; };
		FF1A7AEE251FA11700B95773 /* noticeTableViewCell.swift in Sources */ = {isa = PBXBuildFile; fileRef = FF1A7AEC251FA11700B95773 /* noticeTableViewCell.swift */; };
		FF1A7AEF251FA11700B95773 /* noticeTableViewCell.xib in Resources */ = {isa = PBXBuildFile; fileRef = FF1A7AED251FA11700B95773 /* noticeTableViewCell.xib */; };
		FF5257F0252435080076C7EB /* myWrittenTableViewCell.swift in Sources */ = {isa = PBXBuildFile; fileRef = FF5257EE252435080076C7EB /* myWrittenTableViewCell.swift */; };
		FF5257F1252435080076C7EB /* myWrittenTableViewCell.xib in Resources */ = {isa = PBXBuildFile; fileRef = FF5257EF252435080076C7EB /* myWrittenTableViewCell.xib */; };
		FF5257F52524351C0076C7EB /* deleteTableViewCell.swift in Sources */ = {isa = PBXBuildFile; fileRef = FF5257F32524351C0076C7EB /* deleteTableViewCell.swift */; };
		FF5257F62524351C0076C7EB /* deleteTableViewCell.xib in Resources */ = {isa = PBXBuildFile; fileRef = FF5257F42524351C0076C7EB /* deleteTableViewCell.xib */; };
		FF5257FA25245B9A0076C7EB /* loginDataManger.swift in Sources */ = {isa = PBXBuildFile; fileRef = FF5257F925245B9A0076C7EB /* loginDataManger.swift */; };
		FF5258622524AE4E0076C7EB /* checkNameDataManager.swift in Sources */ = {isa = PBXBuildFile; fileRef = FF5258612524AE4E0076C7EB /* checkNameDataManager.swift */; };
		FF52587F2524BD380076C7EB /* signUpDataManager.swift in Sources */ = {isa = PBXBuildFile; fileRef = FF52587E2524BD380076C7EB /* signUpDataManager.swift */; };
		FF6FCEB224F6BF2100451815 /* AppDelegate.swift in Sources */ = {isa = PBXBuildFile; fileRef = FF6FCEB124F6BF2100451815 /* AppDelegate.swift */; };
		FF6FCEB424F6BF2100451815 /* SceneDelegate.swift in Sources */ = {isa = PBXBuildFile; fileRef = FF6FCEB324F6BF2100451815 /* SceneDelegate.swift */; };
		FF6FCEB624F6BF2100451815 /* ViewController.swift in Sources */ = {isa = PBXBuildFile; fileRef = FF6FCEB524F6BF2100451815 /* ViewController.swift */; };
		FF6FCEBC24F6BF2100451815 /* haruGomin.xcdatamodeld in Sources */ = {isa = PBXBuildFile; fileRef = FF6FCEBA24F6BF2100451815 /* haruGomin.xcdatamodeld */; };
		FF6FCEBE24F6BF2200451815 /* Assets.xcassets in Resources */ = {isa = PBXBuildFile; fileRef = FF6FCEBD24F6BF2200451815 /* Assets.xcassets */; };
		FF6FCEC124F6BF2200451815 /* LaunchScreen.storyboard in Resources */ = {isa = PBXBuildFile; fileRef = FF6FCEBF24F6BF2200451815 /* LaunchScreen.storyboard */; };
		FF6FCECB24F6BF3D00451815 /* logInViewController.swift in Sources */ = {isa = PBXBuildFile; fileRef = FF6FCEC924F6BF3D00451815 /* logInViewController.swift */; };
		FF6FCECC24F6BF3D00451815 /* logInViewController.xib in Resources */ = {isa = PBXBuildFile; fileRef = FF6FCECA24F6BF3D00451815 /* logInViewController.xib */; };
		FF8E27392513A8BC00531E40 /* UITextField.swift in Sources */ = {isa = PBXBuildFile; fileRef = FF8E27382513A8BC00531E40 /* UITextField.swift */; };
		FF993E22250BDDFA00E67251 /* colorPalette.swift in Sources */ = {isa = PBXBuildFile; fileRef = FF993E21250BDDFA00E67251 /* colorPalette.swift */; };
		FF993E26250BE55000E67251 /* setProfileViewController.swift in Sources */ = {isa = PBXBuildFile; fileRef = FF993E24250BE55000E67251 /* setProfileViewController.swift */; };
		FF993E27250BE55000E67251 /* setProfileViewController.xib in Resources */ = {isa = PBXBuildFile; fileRef = FF993E25250BE55000E67251 /* setProfileViewController.xib */; };
		FFBC731C2528870700CF4FA3 /* mainGominDataManager.swift in Sources */ = {isa = PBXBuildFile; fileRef = FFBC731B2528870700CF4FA3 /* mainGominDataManager.swift */; };
		FFBC73212528A8FF00CF4FA3 /* mainGominResponse.swift in Sources */ = {isa = PBXBuildFile; fileRef = FFBC73202528A8FF00CF4FA3 /* mainGominResponse.swift */; };
		FFBC73252528A95300CF4FA3 /* signUpResponse.swift in Sources */ = {isa = PBXBuildFile; fileRef = FFBC73242528A95300CF4FA3 /* signUpResponse.swift */; };
		FFBC73292528B9EA00CF4FA3 /* detailGominDataManager.swift in Sources */ = {isa = PBXBuildFile; fileRef = FFBC73282528B9EA00CF4FA3 /* detailGominDataManager.swift */; };
		FFBC732E2528BFEE00CF4FA3 /* commentDataManager.swift in Sources */ = {isa = PBXBuildFile; fileRef = FFBC732D2528BFEE00CF4FA3 /* commentDataManager.swift */; };
		FFBC73332528DA2200CF4FA3 /* imgPopUp.storyboard in Resources */ = {isa = PBXBuildFile; fileRef = FFBC73322528DA2200CF4FA3 /* imgPopUp.storyboard */; };
		FFBC733A2528DB5B00CF4FA3 /* imgPopUp.swift in Sources */ = {isa = PBXBuildFile; fileRef = FFBC73392528DB5B00CF4FA3 /* imgPopUp.swift */; };
		FFBC733D2528DE1100CF4FA3 /* imgPopUpDelegate.swift in Sources */ = {isa = PBXBuildFile; fileRef = FFBC733C2528DE1100CF4FA3 /* imgPopUpDelegate.swift */; };
		FFBC73492528E1FB00CF4FA3 /* profileImgCollectionViewCell.swift in Sources */ = {isa = PBXBuildFile; fileRef = FFBC73472528E1FB00CF4FA3 /* profileImgCollectionViewCell.swift */; };
		FFBC734A2528E1FB00CF4FA3 /* profileImgCollectionViewCell.xib in Resources */ = {isa = PBXBuildFile; fileRef = FFBC73482528E1FB00CF4FA3 /* profileImgCollectionViewCell.xib */; };
		FFC9B7C32516385B0039FB22 /* selectGominViewController.swift in Sources */ = {isa = PBXBuildFile; fileRef = FFC9B7C12516385B0039FB22 /* selectGominViewController.swift */; };
		FFC9B7C42516385B0039FB22 /* selectGominViewController.xib in Resources */ = {isa = PBXBuildFile; fileRef = FFC9B7C22516385B0039FB22 /* selectGominViewController.xib */; };
		FFE05F28251660600048B56F /* CollectionViewCell.swift in Sources */ = {isa = PBXBuildFile; fileRef = FFE05F26251660600048B56F /* CollectionViewCell.swift */; };
		FFE05F29251660600048B56F /* CollectionViewCell.xib in Resources */ = {isa = PBXBuildFile; fileRef = FFE05F27251660600048B56F /* CollectionViewCell.xib */; };
		FFFA763225185C100008101C /* homeViewController.swift in Sources */ = {isa = PBXBuildFile; fileRef = FFFA763025185C100008101C /* homeViewController.swift */; };
		FFFA763325185C100008101C /* homeViewController.xib in Resources */ = {isa = PBXBuildFile; fileRef = FFFA763125185C100008101C /* homeViewController.xib */; };
		FFFA766325188CD70008101C /* tabBarViewController.swift in Sources */ = {isa = PBXBuildFile; fileRef = FFFA766125188CD70008101C /* tabBarViewController.swift */; };
		FFFA766425188CD70008101C /* tabBarViewController.xib in Resources */ = {isa = PBXBuildFile; fileRef = FFFA766225188CD70008101C /* tabBarViewController.xib */; };
		FFFA76692518959A0008101C /* gominCollectionViewCell.swift in Sources */ = {isa = PBXBuildFile; fileRef = FFFA76672518959A0008101C /* gominCollectionViewCell.swift */; };
		FFFA766A2518959A0008101C /* gominCollectionViewCell.xib in Resources */ = {isa = PBXBuildFile; fileRef = FFFA76682518959A0008101C /* gominCollectionViewCell.xib */; };
		FFFA76702518A5230008101C /* gominImgCollectionViewCell.swift in Sources */ = {isa = PBXBuildFile; fileRef = FFFA766E2518A5230008101C /* gominImgCollectionViewCell.swift */; };
		FFFA76712518A5230008101C /* gominImgCollectionViewCell.xib in Resources */ = {isa = PBXBuildFile; fileRef = FFFA766F2518A5230008101C /* gominImgCollectionViewCell.xib */; };
		FFFA76762518AE530008101C /* detailGominViewController.swift in Sources */ = {isa = PBXBuildFile; fileRef = FFFA76742518AE530008101C /* detailGominViewController.swift */; };
		FFFA76772518AE530008101C /* detailGominViewController.xib in Resources */ = {isa = PBXBuildFile; fileRef = FFFA76752518AE530008101C /* detailGominViewController.xib */; };
		FFFA767D2518BEF60008101C /* commentViewController.swift in Sources */ = {isa = PBXBuildFile; fileRef = FFFA767B2518BEF60008101C /* commentViewController.swift */; };
		FFFA767E2518BEF60008101C /* commentViewController.xib in Resources */ = {isa = PBXBuildFile; fileRef = FFFA767C2518BEF60008101C /* commentViewController.xib */; };
		FFFA76822518EE0F0008101C /* commentTableViewCell.swift in Sources */ = {isa = PBXBuildFile; fileRef = FFFA76802518EE0F0008101C /* commentTableViewCell.swift */; };
		FFFA76832518EE0F0008101C /* commentTableViewCell.xib in Resources */ = {isa = PBXBuildFile; fileRef = FFFA76812518EE0F0008101C /* commentTableViewCell.xib */; };
		FFFA768825190EAA0008101C /* searchViewController.swift in Sources */ = {isa = PBXBuildFile; fileRef = FFFA768625190EAA0008101C /* searchViewController.swift */; };
		FFFA768925190EAA0008101C /* searchViewController.xib in Resources */ = {isa = PBXBuildFile; fileRef = FFFA768725190EAA0008101C /* searchViewController.xib */; };
		FFFA769025190F3B0008101C /* addGominViewController.swift in Sources */ = {isa = PBXBuildFile; fileRef = FFFA768E25190F3B0008101C /* addGominViewController.swift */; };
		FFFA769125190F3B0008101C /* addGominViewController.xib in Resources */ = {isa = PBXBuildFile; fileRef = FFFA768F25190F3B0008101C /* addGominViewController.xib */; };
		FFFA769625190F490008101C /* noticeViewController.swift in Sources */ = {isa = PBXBuildFile; fileRef = FFFA769425190F490008101C /* noticeViewController.swift */; };
		FFFA769725190F490008101C /* noticeViewController.xib in Resources */ = {isa = PBXBuildFile; fileRef = FFFA769525190F490008101C /* noticeViewController.xib */; };
		FFFA769B25190F590008101C /* myPageViewController.swift in Sources */ = {isa = PBXBuildFile; fileRef = FFFA769925190F590008101C /* myPageViewController.swift */; };
		FFFA769C25190F590008101C /* myPageViewController.xib in Resources */ = {isa = PBXBuildFile; fileRef = FFFA769A25190F590008101C /* myPageViewController.xib */; };
/* End PBXBuildFile section */

/* Begin PBXFileReference section */
		1E82307EA5C4B6C7E6375768 /* Pods-haruGomin.release.xcconfig */ = {isa = PBXFileReference; includeInIndex = 1; lastKnownFileType = text.xcconfig; name = "Pods-haruGomin.release.xcconfig"; path = "Target Support Files/Pods-haruGomin/Pods-haruGomin.release.xcconfig"; sourceTree = "<group>"; };
		A7FC68437CA99C1233C92595 /* Pods-haruGomin.debug.xcconfig */ = {isa = PBXFileReference; includeInIndex = 1; lastKnownFileType = text.xcconfig; name = "Pods-haruGomin.debug.xcconfig"; path = "Target Support Files/Pods-haruGomin/Pods-haruGomin.debug.xcconfig"; sourceTree = "<group>"; };
		C6F612E390C7B06EC3EBE00E /* Pods_haruGomin.framework */ = {isa = PBXFileReference; explicitFileType = wrapper.framework; includeInIndex = 0; path = Pods_haruGomin.framework; sourceTree = BUILT_PRODUCTS_DIR; };
		FF1A7AE0251F83F300B95773 /* storyCollectionViewCell.swift */ = {isa = PBXFileReference; lastKnownFileType = sourcecode.swift; path = storyCollectionViewCell.swift; sourceTree = "<group>"; };
		FF1A7AE1251F83F300B95773 /* storyCollectionViewCell.xib */ = {isa = PBXFileReference; lastKnownFileType = file.xib; path = storyCollectionViewCell.xib; sourceTree = "<group>"; };
		FF1A7AE6251F8C1900B95773 /* newGominTableViewCell.swift */ = {isa = PBXFileReference; lastKnownFileType = sourcecode.swift; path = newGominTableViewCell.swift; sourceTree = "<group>"; };
		FF1A7AE7251F8C1900B95773 /* newGominTableViewCell.xib */ = {isa = PBXFileReference; lastKnownFileType = file.xib; path = newGominTableViewCell.xib; sourceTree = "<group>"; };
		FF1A7AEC251FA11700B95773 /* noticeTableViewCell.swift */ = {isa = PBXFileReference; lastKnownFileType = sourcecode.swift; path = noticeTableViewCell.swift; sourceTree = "<group>"; };
		FF1A7AED251FA11700B95773 /* noticeTableViewCell.xib */ = {isa = PBXFileReference; lastKnownFileType = file.xib; path = noticeTableViewCell.xib; sourceTree = "<group>"; };
		FF5257EE252435080076C7EB /* myWrittenTableViewCell.swift */ = {isa = PBXFileReference; lastKnownFileType = sourcecode.swift; path = myWrittenTableViewCell.swift; sourceTree = "<group>"; };
		FF5257EF252435080076C7EB /* myWrittenTableViewCell.xib */ = {isa = PBXFileReference; lastKnownFileType = file.xib; path = myWrittenTableViewCell.xib; sourceTree = "<group>"; };
		FF5257F32524351C0076C7EB /* deleteTableViewCell.swift */ = {isa = PBXFileReference; lastKnownFileType = sourcecode.swift; path = deleteTableViewCell.swift; sourceTree = "<group>"; };
		FF5257F42524351C0076C7EB /* deleteTableViewCell.xib */ = {isa = PBXFileReference; lastKnownFileType = file.xib; path = deleteTableViewCell.xib; sourceTree = "<group>"; };
		FF5257F925245B9A0076C7EB /* loginDataManger.swift */ = {isa = PBXFileReference; lastKnownFileType = sourcecode.swift; path = loginDataManger.swift; sourceTree = "<group>"; };
		FF5258612524AE4E0076C7EB /* checkNameDataManager.swift */ = {isa = PBXFileReference; lastKnownFileType = sourcecode.swift; path = checkNameDataManager.swift; sourceTree = "<group>"; };
		FF52587E2524BD380076C7EB /* signUpDataManager.swift */ = {isa = PBXFileReference; lastKnownFileType = sourcecode.swift; path = signUpDataManager.swift; sourceTree = "<group>"; };
		FF6FCEAE24F6BF2100451815 /* haruGomin.app */ = {isa = PBXFileReference; explicitFileType = wrapper.application; includeInIndex = 0; path = haruGomin.app; sourceTree = BUILT_PRODUCTS_DIR; };
		FF6FCEB124F6BF2100451815 /* AppDelegate.swift */ = {isa = PBXFileReference; lastKnownFileType = sourcecode.swift; path = AppDelegate.swift; sourceTree = "<group>"; };
		FF6FCEB324F6BF2100451815 /* SceneDelegate.swift */ = {isa = PBXFileReference; lastKnownFileType = sourcecode.swift; path = SceneDelegate.swift; sourceTree = "<group>"; };
		FF6FCEB524F6BF2100451815 /* ViewController.swift */ = {isa = PBXFileReference; lastKnownFileType = sourcecode.swift; path = ViewController.swift; sourceTree = "<group>"; };
		FF6FCEBB24F6BF2100451815 /* haruGomin.xcdatamodel */ = {isa = PBXFileReference; lastKnownFileType = wrapper.xcdatamodel; path = haruGomin.xcdatamodel; sourceTree = "<group>"; };
		FF6FCEBD24F6BF2200451815 /* Assets.xcassets */ = {isa = PBXFileReference; lastKnownFileType = folder.assetcatalog; path = Assets.xcassets; sourceTree = "<group>"; };
		FF6FCEC024F6BF2200451815 /* Base */ = {isa = PBXFileReference; lastKnownFileType = file.storyboard; name = Base; path = Base.lproj/LaunchScreen.storyboard; sourceTree = "<group>"; };
		FF6FCEC224F6BF2200451815 /* Info.plist */ = {isa = PBXFileReference; lastKnownFileType = text.plist.xml; path = Info.plist; sourceTree = "<group>"; };
		FF6FCEC924F6BF3D00451815 /* logInViewController.swift */ = {isa = PBXFileReference; lastKnownFileType = sourcecode.swift; path = logInViewController.swift; sourceTree = "<group>"; };
		FF6FCECA24F6BF3D00451815 /* logInViewController.xib */ = {isa = PBXFileReference; lastKnownFileType = file.xib; path = logInViewController.xib; sourceTree = "<group>"; };
		FF8E27382513A8BC00531E40 /* UITextField.swift */ = {isa = PBXFileReference; lastKnownFileType = sourcecode.swift; path = UITextField.swift; sourceTree = "<group>"; };
		FF993E21250BDDFA00E67251 /* colorPalette.swift */ = {isa = PBXFileReference; lastKnownFileType = sourcecode.swift; path = colorPalette.swift; sourceTree = "<group>"; };
		FF993E24250BE55000E67251 /* setProfileViewController.swift */ = {isa = PBXFileReference; lastKnownFileType = sourcecode.swift; path = setProfileViewController.swift; sourceTree = "<group>"; };
		FF993E25250BE55000E67251 /* setProfileViewController.xib */ = {isa = PBXFileReference; lastKnownFileType = file.xib; path = setProfileViewController.xib; sourceTree = "<group>"; };
		FFBC731B2528870700CF4FA3 /* mainGominDataManager.swift */ = {isa = PBXFileReference; lastKnownFileType = sourcecode.swift; path = mainGominDataManager.swift; sourceTree = "<group>"; };
		FFBC73202528A8FF00CF4FA3 /* mainGominResponse.swift */ = {isa = PBXFileReference; lastKnownFileType = sourcecode.swift; path = mainGominResponse.swift; sourceTree = "<group>"; };
		FFBC73242528A95300CF4FA3 /* signUpResponse.swift */ = {isa = PBXFileReference; lastKnownFileType = sourcecode.swift; path = signUpResponse.swift; sourceTree = "<group>"; };
		FFBC73282528B9EA00CF4FA3 /* detailGominDataManager.swift */ = {isa = PBXFileReference; lastKnownFileType = sourcecode.swift; path = detailGominDataManager.swift; sourceTree = "<group>"; };
		FFBC732D2528BFEE00CF4FA3 /* commentDataManager.swift */ = {isa = PBXFileReference; lastKnownFileType = sourcecode.swift; path = commentDataManager.swift; sourceTree = "<group>"; };
		FFBC73322528DA2200CF4FA3 /* imgPopUp.storyboard */ = {isa = PBXFileReference; lastKnownFileType = file.storyboard; path = imgPopUp.storyboard; sourceTree = "<group>"; };
		FFBC73392528DB5B00CF4FA3 /* imgPopUp.swift */ = {isa = PBXFileReference; lastKnownFileType = sourcecode.swift; path = imgPopUp.swift; sourceTree = "<group>"; };
		FFBC733C2528DE1100CF4FA3 /* imgPopUpDelegate.swift */ = {isa = PBXFileReference; lastKnownFileType = sourcecode.swift; path = imgPopUpDelegate.swift; sourceTree = "<group>"; };
		FFBC73472528E1FB00CF4FA3 /* profileImgCollectionViewCell.swift */ = {isa = PBXFileReference; lastKnownFileType = sourcecode.swift; path = profileImgCollectionViewCell.swift; sourceTree = "<group>"; };
		FFBC73482528E1FB00CF4FA3 /* profileImgCollectionViewCell.xib */ = {isa = PBXFileReference; lastKnownFileType = file.xib; path = profileImgCollectionViewCell.xib; sourceTree = "<group>"; };
		FFC9B7C12516385B0039FB22 /* selectGominViewController.swift */ = {isa = PBXFileReference; lastKnownFileType = sourcecode.swift; path = selectGominViewController.swift; sourceTree = "<group>"; };
		FFC9B7C22516385B0039FB22 /* selectGominViewController.xib */ = {isa = PBXFileReference; lastKnownFileType = file.xib; path = selectGominViewController.xib; sourceTree = "<group>"; };
		FFE05F26251660600048B56F /* CollectionViewCell.swift */ = {isa = PBXFileReference; lastKnownFileType = sourcecode.swift; path = CollectionViewCell.swift; sourceTree = "<group>"; };
		FFE05F27251660600048B56F /* CollectionViewCell.xib */ = {isa = PBXFileReference; lastKnownFileType = file.xib; path = CollectionViewCell.xib; sourceTree = "<group>"; };
		FFFA763025185C100008101C /* homeViewController.swift */ = {isa = PBXFileReference; lastKnownFileType = sourcecode.swift; path = homeViewController.swift; sourceTree = "<group>"; };
		FFFA763125185C100008101C /* homeViewController.xib */ = {isa = PBXFileReference; lastKnownFileType = file.xib; path = homeViewController.xib; sourceTree = "<group>"; };
		FFFA766125188CD70008101C /* tabBarViewController.swift */ = {isa = PBXFileReference; lastKnownFileType = sourcecode.swift; path = tabBarViewController.swift; sourceTree = "<group>"; };
		FFFA766225188CD70008101C /* tabBarViewController.xib */ = {isa = PBXFileReference; lastKnownFileType = file.xib; path = tabBarViewController.xib; sourceTree = "<group>"; };
		FFFA76672518959A0008101C /* gominCollectionViewCell.swift */ = {isa = PBXFileReference; lastKnownFileType = sourcecode.swift; path = gominCollectionViewCell.swift; sourceTree = "<group>"; };
		FFFA76682518959A0008101C /* gominCollectionViewCell.xib */ = {isa = PBXFileReference; lastKnownFileType = file.xib; path = gominCollectionViewCell.xib; sourceTree = "<group>"; };
		FFFA766E2518A5230008101C /* gominImgCollectionViewCell.swift */ = {isa = PBXFileReference; lastKnownFileType = sourcecode.swift; path = gominImgCollectionViewCell.swift; sourceTree = "<group>"; };
		FFFA766F2518A5230008101C /* gominImgCollectionViewCell.xib */ = {isa = PBXFileReference; lastKnownFileType = file.xib; path = gominImgCollectionViewCell.xib; sourceTree = "<group>"; };
		FFFA76742518AE530008101C /* detailGominViewController.swift */ = {isa = PBXFileReference; lastKnownFileType = sourcecode.swift; path = detailGominViewController.swift; sourceTree = "<group>"; };
		FFFA76752518AE530008101C /* detailGominViewController.xib */ = {isa = PBXFileReference; lastKnownFileType = file.xib; path = detailGominViewController.xib; sourceTree = "<group>"; };
		FFFA767B2518BEF60008101C /* commentViewController.swift */ = {isa = PBXFileReference; lastKnownFileType = sourcecode.swift; path = commentViewController.swift; sourceTree = "<group>"; };
		FFFA767C2518BEF60008101C /* commentViewController.xib */ = {isa = PBXFileReference; lastKnownFileType = file.xib; path = commentViewController.xib; sourceTree = "<group>"; };
		FFFA76802518EE0F0008101C /* commentTableViewCell.swift */ = {isa = PBXFileReference; lastKnownFileType = sourcecode.swift; path = commentTableViewCell.swift; sourceTree = "<group>"; };
		FFFA76812518EE0F0008101C /* commentTableViewCell.xib */ = {isa = PBXFileReference; lastKnownFileType = file.xib; path = commentTableViewCell.xib; sourceTree = "<group>"; };
		FFFA768625190EAA0008101C /* searchViewController.swift */ = {isa = PBXFileReference; lastKnownFileType = sourcecode.swift; path = searchViewController.swift; sourceTree = "<group>"; };
		FFFA768725190EAA0008101C /* searchViewController.xib */ = {isa = PBXFileReference; lastKnownFileType = file.xib; path = searchViewController.xib; sourceTree = "<group>"; };
		FFFA768E25190F3B0008101C /* addGominViewController.swift */ = {isa = PBXFileReference; lastKnownFileType = sourcecode.swift; path = addGominViewController.swift; sourceTree = "<group>"; };
		FFFA768F25190F3B0008101C /* addGominViewController.xib */ = {isa = PBXFileReference; lastKnownFileType = file.xib; path = addGominViewController.xib; sourceTree = "<group>"; };
		FFFA769425190F490008101C /* noticeViewController.swift */ = {isa = PBXFileReference; lastKnownFileType = sourcecode.swift; path = noticeViewController.swift; sourceTree = "<group>"; };
		FFFA769525190F490008101C /* noticeViewController.xib */ = {isa = PBXFileReference; lastKnownFileType = file.xib; path = noticeViewController.xib; sourceTree = "<group>"; };
		FFFA769925190F590008101C /* myPageViewController.swift */ = {isa = PBXFileReference; lastKnownFileType = sourcecode.swift; path = myPageViewController.swift; sourceTree = "<group>"; };
		FFFA769A25190F590008101C /* myPageViewController.xib */ = {isa = PBXFileReference; lastKnownFileType = file.xib; path = myPageViewController.xib; sourceTree = "<group>"; };
/* End PBXFileReference section */

/* Begin PBXFrameworksBuildPhase section */
		FF6FCEAB24F6BF2100451815 /* Frameworks */ = {
			isa = PBXFrameworksBuildPhase;
			buildActionMask = 2147483647;
			files = (
				04DA2E706C5F58E01D6934BE /* Pods_haruGomin.framework in Frameworks */,
			);
			runOnlyForDeploymentPostprocessing = 0;
		};
/* End PBXFrameworksBuildPhase section */

/* Begin PBXGroup section */
		1A482F9C7DB694DB8297D9AC /* Pods */ = {
			isa = PBXGroup;
			children = (
				A7FC68437CA99C1233C92595 /* Pods-haruGomin.debug.xcconfig */,
				1E82307EA5C4B6C7E6375768 /* Pods-haruGomin.release.xcconfig */,
			);
			path = Pods;
			sourceTree = "<group>";
		};
		C711842A9DEF634D4744DDE0 /* Frameworks */ = {
			isa = PBXGroup;
			children = (
				C6F612E390C7B06EC3EBE00E /* Pods_haruGomin.framework */,
			);
			name = Frameworks;
			sourceTree = "<group>";
		};
		FF1A7AE5251F8BFE00B95773 /* cell */ = {
			isa = PBXGroup;
			children = (
				FF1A7AE0251F83F300B95773 /* storyCollectionViewCell.swift */,
				FF1A7AE1251F83F300B95773 /* storyCollectionViewCell.xib */,
				FF1A7AE6251F8C1900B95773 /* newGominTableViewCell.swift */,
				FF1A7AE7251F8C1900B95773 /* newGominTableViewCell.xib */,
			);
			path = cell;
			sourceTree = "<group>";
		};
		FF311C20251D0A2A0034208B /* tabBarItem */ = {
			isa = PBXGroup;
			children = (
			);
			path = tabBarItem;
			sourceTree = "<group>";
		};
		FF5257EC252434C50076C7EB /* cell */ = {
			isa = PBXGroup;
			children = (
				FF5257EE252435080076C7EB /* myWrittenTableViewCell.swift */,
				FF5257EF252435080076C7EB /* myWrittenTableViewCell.xib */,
				FF5257F32524351C0076C7EB /* deleteTableViewCell.swift */,
				FF5257F42524351C0076C7EB /* deleteTableViewCell.xib */,
			);
			path = cell;
			sourceTree = "<group>";
		};
		FF5257F825245B870076C7EB /* Network */ = {
			isa = PBXGroup;
			children = (
				FF5257F925245B9A0076C7EB /* loginDataManger.swift */,
			);
			path = Network;
			sourceTree = "<group>";
		};
		FF5258602524AE2E0076C7EB /* Network */ = {
			isa = PBXGroup;
			children = (
				FF5258612524AE4E0076C7EB /* checkNameDataManager.swift */,
			);
			path = Network;
			sourceTree = "<group>";
		};
		FF52587D2524BD1E0076C7EB /* Network */ = {
			isa = PBXGroup;
			children = (
				FF52587E2524BD380076C7EB /* signUpDataManager.swift */,
				FFBC73242528A95300CF4FA3 /* signUpResponse.swift */,
			);
			path = Network;
			sourceTree = "<group>";
		};
		FF6FCEA524F6BF2100451815 = {
			isa = PBXGroup;
			children = (
				FF6FCEB024F6BF2100451815 /* haruGomin */,
				FF6FCEAF24F6BF2100451815 /* Products */,
				1A482F9C7DB694DB8297D9AC /* Pods */,
				C711842A9DEF634D4744DDE0 /* Frameworks */,
			);
			sourceTree = "<group>";
		};
		FF6FCEAF24F6BF2100451815 /* Products */ = {
			isa = PBXGroup;
			children = (
				FF6FCEAE24F6BF2100451815 /* haruGomin.app */,
			);
			name = Products;
			sourceTree = "<group>";
		};
		FF6FCEB024F6BF2100451815 /* haruGomin */ = {
			isa = PBXGroup;
			children = (
				FFFA766025188C770008101C /* Main */,
				FF993E20250BDDE300E67251 /* config */,
				FF6FCEC824F6BF2F00451815 /* logIn */,
				FF6FCEB124F6BF2100451815 /* AppDelegate.swift */,
				FF6FCEB324F6BF2100451815 /* SceneDelegate.swift */,
				FF6FCEB524F6BF2100451815 /* ViewController.swift */,
				FF6FCEBD24F6BF2200451815 /* Assets.xcassets */,
				FF6FCEBF24F6BF2200451815 /* LaunchScreen.storyboard */,
				FF6FCEC224F6BF2200451815 /* Info.plist */,
				FF6FCEBA24F6BF2100451815 /* haruGomin.xcdatamodeld */,
			);
			path = haruGomin;
			sourceTree = "<group>";
		};
		FF6FCEC824F6BF2F00451815 /* logIn */ = {
			isa = PBXGroup;
			children = (
				FF5257F825245B870076C7EB /* Network */,
				FFC9B7C0251638460039FB22 /* selectGomin */,
				FF993E23250BE52600E67251 /* profile */,
				FF6FCEC924F6BF3D00451815 /* logInViewController.swift */,
				FF6FCECA24F6BF3D00451815 /* logInViewController.xib */,
			);
			path = logIn;
			sourceTree = "<group>";
		};
		FF993E20250BDDE300E67251 /* config */ = {
			isa = PBXGroup;
			children = (
				FF311C20251D0A2A0034208B /* tabBarItem */,
				FF993E21250BDDFA00E67251 /* colorPalette.swift */,
				FF8E27382513A8BC00531E40 /* UITextField.swift */,
			);
			path = config;
			sourceTree = "<group>";
		};
		FF993E23250BE52600E67251 /* profile */ = {
			isa = PBXGroup;
			children = (
				FFBC73312528DA0500CF4FA3 /* popup */,
				FF5258602524AE2E0076C7EB /* Network */,
				FF993E24250BE55000E67251 /* setProfileViewController.swift */,
				FF993E25250BE55000E67251 /* setProfileViewController.xib */,
			);
			path = profile;
			sourceTree = "<group>";
		};
		FFBC731A252886E800CF4FA3 /* Network */ = {
			isa = PBXGroup;
			children = (
				FFBC731B2528870700CF4FA3 /* mainGominDataManager.swift */,
				FFBC73202528A8FF00CF4FA3 /* mainGominResponse.swift */,
			);
			path = Network;
			sourceTree = "<group>";
		};
		FFBC73272528B9D900CF4FA3 /* Network */ = {
			isa = PBXGroup;
			children = (
				FFBC73282528B9EA00CF4FA3 /* detailGominDataManager.swift */,
			);
			path = Network;
			sourceTree = "<group>";
		};
		FFBC732C2528BFDB00CF4FA3 /* Network */ = {
			isa = PBXGroup;
			children = (
				FFBC732D2528BFEE00CF4FA3 /* commentDataManager.swift */,
			);
			path = Network;
			sourceTree = "<group>";
		};
		FFBC73312528DA0500CF4FA3 /* popup */ = {
			isa = PBXGroup;
			children = (
				FFBC733F2528E02400CF4FA3 /* cell */,
				FFBC73322528DA2200CF4FA3 /* imgPopUp.storyboard */,
				FFBC73392528DB5B00CF4FA3 /* imgPopUp.swift */,
				FFBC733C2528DE1100CF4FA3 /* imgPopUpDelegate.swift */,
			);
			path = popup;
			sourceTree = "<group>";
		};
		FFBC733F2528E02400CF4FA3 /* cell */ = {
			isa = PBXGroup;
			children = (
				FFBC73472528E1FB00CF4FA3 /* profileImgCollectionViewCell.swift */,
				FFBC73482528E1FB00CF4FA3 /* profileImgCollectionViewCell.xib */,
			);
			path = cell;
			sourceTree = "<group>";
		};
		FFC9B7C0251638460039FB22 /* selectGomin */ = {
			isa = PBXGroup;
			children = (
				FF52587D2524BD1E0076C7EB /* Network */,
				FFC9B7C12516385B0039FB22 /* selectGominViewController.swift */,
				FFC9B7C22516385B0039FB22 /* selectGominViewController.xib */,
				FFE05F26251660600048B56F /* CollectionViewCell.swift */,
				FFE05F27251660600048B56F /* CollectionViewCell.xib */,
			);
			path = selectGomin;
			sourceTree = "<group>";
		};
		FFFA762F25185BEF0008101C /* home */ = {
			isa = PBXGroup;
			children = (
				FFBC731A252886E800CF4FA3 /* Network */,
				FFFA76732518AE3A0008101C /* detail */,
				FFFA763625185E450008101C /* gomin */,
				FFFA763025185C100008101C /* homeViewController.swift */,
				FFFA763125185C100008101C /* homeViewController.xib */,
			);
			path = home;
			sourceTree = "<group>";
		};
		FFFA763625185E450008101C /* gomin */ = {
			isa = PBXGroup;
			children = (
				FFFA76672518959A0008101C /* gominCollectionViewCell.swift */,
				FFFA76682518959A0008101C /* gominCollectionViewCell.xib */,
				FFFA766E2518A5230008101C /* gominImgCollectionViewCell.swift */,
				FFFA766F2518A5230008101C /* gominImgCollectionViewCell.xib */,
			);
			path = gomin;
			sourceTree = "<group>";
		};
		FFFA766025188C770008101C /* Main */ = {
			isa = PBXGroup;
			children = (
				FFFA768D25190F290008101C /* myPage */,
				FFFA768C25190F100008101C /* notice */,
				FFFA768B25190F000008101C /* addGomin */,
				FFFA768525190E8C0008101C /* search */,
				FFFA762F25185BEF0008101C /* home */,
				FFFA766125188CD70008101C /* tabBarViewController.swift */,
				FFFA766225188CD70008101C /* tabBarViewController.xib */,
			);
			path = Main;
			sourceTree = "<group>";
		};
		FFFA76732518AE3A0008101C /* detail */ = {
			isa = PBXGroup;
			children = (
				FFBC73272528B9D900CF4FA3 /* Network */,
				FFFA767A2518BEE90008101C /* comment */,
				FFFA76742518AE530008101C /* detailGominViewController.swift */,
				FFFA76752518AE530008101C /* detailGominViewController.xib */,
			);
			path = detail;
			sourceTree = "<group>";
		};
		FFFA767A2518BEE90008101C /* comment */ = {
			isa = PBXGroup;
			children = (
				FFBC732C2528BFDB00CF4FA3 /* Network */,
				FFFA767B2518BEF60008101C /* commentViewController.swift */,
				FFFA767C2518BEF60008101C /* commentViewController.xib */,
				FFFA76802518EE0F0008101C /* commentTableViewCell.swift */,
				FFFA76812518EE0F0008101C /* commentTableViewCell.xib */,
			);
			path = comment;
			sourceTree = "<group>";
		};
		FFFA768525190E8C0008101C /* search */ = {
			isa = PBXGroup;
			children = (
				FF1A7AE5251F8BFE00B95773 /* cell */,
				FFFA768625190EAA0008101C /* searchViewController.swift */,
				FFFA768725190EAA0008101C /* searchViewController.xib */,
			);
			path = search;
			sourceTree = "<group>";
		};
		FFFA768B25190F000008101C /* addGomin */ = {
			isa = PBXGroup;
			children = (
				FFFA768E25190F3B0008101C /* addGominViewController.swift */,
				FFFA768F25190F3B0008101C /* addGominViewController.xib */,
			);
			path = addGomin;
			sourceTree = "<group>";
		};
		FFFA768C25190F100008101C /* notice */ = {
			isa = PBXGroup;
			children = (
				FFFA769425190F490008101C /* noticeViewController.swift */,
				FFFA769525190F490008101C /* noticeViewController.xib */,
				FF1A7AEC251FA11700B95773 /* noticeTableViewCell.swift */,
				FF1A7AED251FA11700B95773 /* noticeTableViewCell.xib */,
			);
			path = notice;
			sourceTree = "<group>";
		};
		FFFA768D25190F290008101C /* myPage */ = {
			isa = PBXGroup;
			children = (
				FF5257EC252434C50076C7EB /* cell */,
				FFFA769925190F590008101C /* myPageViewController.swift */,
				FFFA769A25190F590008101C /* myPageViewController.xib */,
			);
			path = myPage;
			sourceTree = "<group>";
		};
/* End PBXGroup section */

/* Begin PBXNativeTarget section */
		FF6FCEAD24F6BF2100451815 /* haruGomin */ = {
			isa = PBXNativeTarget;
			buildConfigurationList = FF6FCEC524F6BF2200451815 /* Build configuration list for PBXNativeTarget "haruGomin" */;
			buildPhases = (
				26D20292803FD5A28F21612F /* [CP] Check Pods Manifest.lock */,
				FF6FCEAA24F6BF2100451815 /* Sources */,
				FF6FCEAB24F6BF2100451815 /* Frameworks */,
				FF6FCEAC24F6BF2100451815 /* Resources */,
				8BD488E96A3E0C5434955E51 /* [CP] Embed Pods Frameworks */,
			);
			buildRules = (
			);
			dependencies = (
			);
			name = haruGomin;
			productName = haruGomin;
			productReference = FF6FCEAE24F6BF2100451815 /* haruGomin.app */;
			productType = "com.apple.product-type.application";
		};
/* End PBXNativeTarget section */

/* Begin PBXProject section */
		FF6FCEA624F6BF2100451815 /* Project object */ = {
			isa = PBXProject;
			attributes = {
				LastSwiftUpdateCheck = 1160;
				LastUpgradeCheck = 1160;
				ORGANIZATIONNAME = "이진하";
				TargetAttributes = {
					FF6FCEAD24F6BF2100451815 = {
						CreatedOnToolsVersion = 11.6;
					};
				};
			};
			buildConfigurationList = FF6FCEA924F6BF2100451815 /* Build configuration list for PBXProject "haruGomin" */;
			compatibilityVersion = "Xcode 9.3";
			developmentRegion = en;
			hasScannedForEncodings = 0;
			knownRegions = (
				en,
				Base,
			);
			mainGroup = FF6FCEA524F6BF2100451815;
			productRefGroup = FF6FCEAF24F6BF2100451815 /* Products */;
			projectDirPath = "";
			projectRoot = "";
			targets = (
				FF6FCEAD24F6BF2100451815 /* haruGomin */,
			);
		};
/* End PBXProject section */

/* Begin PBXResourcesBuildPhase section */
		FF6FCEAC24F6BF2100451815 /* Resources */ = {
			isa = PBXResourcesBuildPhase;
			buildActionMask = 2147483647;
			files = (
				FF1A7AE3251F83F300B95773 /* storyCollectionViewCell.xib in Resources */,
				FFFA769125190F3B0008101C /* addGominViewController.xib in Resources */,
				FF6FCECC24F6BF3D00451815 /* logInViewController.xib in Resources */,
				FFFA766A2518959A0008101C /* gominCollectionViewCell.xib in Resources */,
				FFBC73332528DA2200CF4FA3 /* imgPopUp.storyboard in Resources */,
				FFFA766425188CD70008101C /* tabBarViewController.xib in Resources */,
				FFFA769C25190F590008101C /* myPageViewController.xib in Resources */,
				FFFA76712518A5230008101C /* gominImgCollectionViewCell.xib in Resources */,
				FF5257F1252435080076C7EB /* myWrittenTableViewCell.xib in Resources */,
				FF993E27250BE55000E67251 /* setProfileViewController.xib in Resources */,
				FFE05F29251660600048B56F /* CollectionViewCell.xib in Resources */,
				FF1A7AEF251FA11700B95773 /* noticeTableViewCell.xib in Resources */,
				FF6FCEC124F6BF2200451815 /* LaunchScreen.storyboard in Resources */,
				FFFA763325185C100008101C /* homeViewController.xib in Resources */,
				FFFA768925190EAA0008101C /* searchViewController.xib in Resources */,
				FFFA769725190F490008101C /* noticeViewController.xib in Resources */,
				FF1A7AE9251F8C1900B95773 /* newGominTableViewCell.xib in Resources */,
				FF5257F62524351C0076C7EB /* deleteTableViewCell.xib in Resources */,
				FFFA767E2518BEF60008101C /* commentViewController.xib in Resources */,
				FFFA76832518EE0F0008101C /* commentTableViewCell.xib in Resources */,
				FFBC734A2528E1FB00CF4FA3 /* profileImgCollectionViewCell.xib in Resources */,
				FF6FCEBE24F6BF2200451815 /* Assets.xcassets in Resources */,
				FFFA76772518AE530008101C /* detailGominViewController.xib in Resources */,
				FFC9B7C42516385B0039FB22 /* selectGominViewController.xib in Resources */,
			);
			runOnlyForDeploymentPostprocessing = 0;
		};
/* End PBXResourcesBuildPhase section */

/* Begin PBXShellScriptBuildPhase section */
		26D20292803FD5A28F21612F /* [CP] Check Pods Manifest.lock */ = {
			isa = PBXShellScriptBuildPhase;
			buildActionMask = 2147483647;
			files = (
			);
			inputFileListPaths = (
			);
			inputPaths = (
				"${PODS_PODFILE_DIR_PATH}/Podfile.lock",
				"${PODS_ROOT}/Manifest.lock",
			);
			name = "[CP] Check Pods Manifest.lock";
			outputFileListPaths = (
			);
			outputPaths = (
				"$(DERIVED_FILE_DIR)/Pods-haruGomin-checkManifestLockResult.txt",
			);
			runOnlyForDeploymentPostprocessing = 0;
			shellPath = /bin/sh;
			shellScript = "diff \"${PODS_PODFILE_DIR_PATH}/Podfile.lock\" \"${PODS_ROOT}/Manifest.lock\" > /dev/null\nif [ $? != 0 ] ; then\n    # print error to STDERR\n    echo \"error: The sandbox is not in sync with the Podfile.lock. Run 'pod install' or update your CocoaPods installation.\" >&2\n    exit 1\nfi\n# This output is used by Xcode 'outputs' to avoid re-running this script phase.\necho \"SUCCESS\" > \"${SCRIPT_OUTPUT_FILE_0}\"\n";
			showEnvVarsInLog = 0;
		};
		8BD488E96A3E0C5434955E51 /* [CP] Embed Pods Frameworks */ = {
			isa = PBXShellScriptBuildPhase;
			buildActionMask = 2147483647;
			files = (
			);
			inputFileListPaths = (
				"${PODS_ROOT}/Target Support Files/Pods-haruGomin/Pods-haruGomin-frameworks-${CONFIGURATION}-input-files.xcfilelist",
			);
			name = "[CP] Embed Pods Frameworks";
			outputFileListPaths = (
				"${PODS_ROOT}/Target Support Files/Pods-haruGomin/Pods-haruGomin-frameworks-${CONFIGURATION}-output-files.xcfilelist",
			);
			runOnlyForDeploymentPostprocessing = 0;
			shellPath = /bin/sh;
			shellScript = "\"${PODS_ROOT}/Target Support Files/Pods-haruGomin/Pods-haruGomin-frameworks.sh\"\n";
			showEnvVarsInLog = 0;
		};
/* End PBXShellScriptBuildPhase section */

/* Begin PBXSourcesBuildPhase section */
		FF6FCEAA24F6BF2100451815 /* Sources */ = {
			isa = PBXSourcesBuildPhase;
			buildActionMask = 2147483647;
			files = (
				FF5257F52524351C0076C7EB /* deleteTableViewCell.swift in Sources */,
				FFBC733A2528DB5B00CF4FA3 /* imgPopUp.swift in Sources */,
				FFE05F28251660600048B56F /* CollectionViewCell.swift in Sources */,
				FF1A7AEE251FA11700B95773 /* noticeTableViewCell.swift in Sources */,
				FF6FCEBC24F6BF2100451815 /* haruGomin.xcdatamodeld in Sources */,
				FFBC733D2528DE1100CF4FA3 /* imgPopUpDelegate.swift in Sources */,
				FF6FCEB624F6BF2100451815 /* ViewController.swift in Sources */,
				FFC9B7C32516385B0039FB22 /* selectGominViewController.swift in Sources */,
				FF1A7AE2251F83F300B95773 /* storyCollectionViewCell.swift in Sources */,
				FFBC731C2528870700CF4FA3 /* mainGominDataManager.swift in Sources */,
				FF5257FA25245B9A0076C7EB /* loginDataManger.swift in Sources */,
				FF6FCEB224F6BF2100451815 /* AppDelegate.swift in Sources */,
				FF8E27392513A8BC00531E40 /* UITextField.swift in Sources */,
				FF6FCEB424F6BF2100451815 /* SceneDelegate.swift in Sources */,
				FF6FCECB24F6BF3D00451815 /* logInViewController.swift in Sources */,
				FFFA767D2518BEF60008101C /* commentViewController.swift in Sources */,
				FFBC73292528B9EA00CF4FA3 /* detailGominDataManager.swift in Sources */,
				FF5258622524AE4E0076C7EB /* checkNameDataManager.swift in Sources */,
				FFFA763225185C100008101C /* homeViewController.swift in Sources */,
				FFFA766325188CD70008101C /* tabBarViewController.swift in Sources */,
				FF993E26250BE55000E67251 /* setProfileViewController.swift in Sources */,
				FF993E22250BDDFA00E67251 /* colorPalette.swift in Sources */,
				FF5257F0252435080076C7EB /* myWrittenTableViewCell.swift in Sources */,
				FFBC73252528A95300CF4FA3 /* signUpResponse.swift in Sources */,
				FFFA76762518AE530008101C /* detailGominViewController.swift in Sources */,
				FF52587F2524BD380076C7EB /* signUpDataManager.swift in Sources */,
				FFFA769625190F490008101C /* noticeViewController.swift in Sources */,
				FFBC732E2528BFEE00CF4FA3 /* commentDataManager.swift in Sources */,
				FFFA769B25190F590008101C /* myPageViewController.swift in Sources */,
				FF1A7AE8251F8C1900B95773 /* newGominTableViewCell.swift in Sources */,
				FFBC73212528A8FF00CF4FA3 /* mainGominResponse.swift in Sources */,
				FFFA768825190EAA0008101C /* searchViewController.swift in Sources */,
				FFFA76702518A5230008101C /* gominImgCollectionViewCell.swift in Sources */,
				FFBC73492528E1FB00CF4FA3 /* profileImgCollectionViewCell.swift in Sources */,
				FFFA769025190F3B0008101C /* addGominViewController.swift in Sources */,
				FFFA76692518959A0008101C /* gominCollectionViewCell.swift in Sources */,
				FFFA76822518EE0F0008101C /* commentTableViewCell.swift in Sources */,
			);
			runOnlyForDeploymentPostprocessing = 0;
		};
/* End PBXSourcesBuildPhase section */

/* Begin PBXVariantGroup section */
		FF6FCEBF24F6BF2200451815 /* LaunchScreen.storyboard */ = {
			isa = PBXVariantGroup;
			children = (
				FF6FCEC024F6BF2200451815 /* Base */,
			);
			name = LaunchScreen.storyboard;
			sourceTree = "<group>";
		};
/* End PBXVariantGroup section */

/* Begin XCBuildConfiguration section */
		FF6FCEC324F6BF2200451815 /* Debug */ = {
			isa = XCBuildConfiguration;
			buildSettings = {
				ALWAYS_SEARCH_USER_PATHS = NO;
				CLANG_ANALYZER_NONNULL = YES;
				CLANG_ANALYZER_NUMBER_OBJECT_CONVERSION = YES_AGGRESSIVE;
				CLANG_CXX_LANGUAGE_STANDARD = "gnu++14";
				CLANG_CXX_LIBRARY = "libc++";
				CLANG_ENABLE_MODULES = YES;
				CLANG_ENABLE_OBJC_ARC = YES;
				CLANG_ENABLE_OBJC_WEAK = YES;
				CLANG_WARN_BLOCK_CAPTURE_AUTORELEASING = YES;
				CLANG_WARN_BOOL_CONVERSION = YES;
				CLANG_WARN_COMMA = YES;
				CLANG_WARN_CONSTANT_CONVERSION = YES;
				CLANG_WARN_DEPRECATED_OBJC_IMPLEMENTATIONS = YES;
				CLANG_WARN_DIRECT_OBJC_ISA_USAGE = YES_ERROR;
				CLANG_WARN_DOCUMENTATION_COMMENTS = YES;
				CLANG_WARN_EMPTY_BODY = YES;
				CLANG_WARN_ENUM_CONVERSION = YES;
				CLANG_WARN_INFINITE_RECURSION = YES;
				CLANG_WARN_INT_CONVERSION = YES;
				CLANG_WARN_NON_LITERAL_NULL_CONVERSION = YES;
				CLANG_WARN_OBJC_IMPLICIT_RETAIN_SELF = YES;
				CLANG_WARN_OBJC_LITERAL_CONVERSION = YES;
				CLANG_WARN_OBJC_ROOT_CLASS = YES_ERROR;
				CLANG_WARN_RANGE_LOOP_ANALYSIS = YES;
				CLANG_WARN_STRICT_PROTOTYPES = YES;
				CLANG_WARN_SUSPICIOUS_MOVE = YES;
				CLANG_WARN_UNGUARDED_AVAILABILITY = YES_AGGRESSIVE;
				CLANG_WARN_UNREACHABLE_CODE = YES;
				CLANG_WARN__DUPLICATE_METHOD_MATCH = YES;
				COPY_PHASE_STRIP = NO;
				DEBUG_INFORMATION_FORMAT = dwarf;
				ENABLE_STRICT_OBJC_MSGSEND = YES;
				ENABLE_TESTABILITY = YES;
				GCC_C_LANGUAGE_STANDARD = gnu11;
				GCC_DYNAMIC_NO_PIC = NO;
				GCC_NO_COMMON_BLOCKS = YES;
				GCC_OPTIMIZATION_LEVEL = 0;
				GCC_PREPROCESSOR_DEFINITIONS = (
					"DEBUG=1",
					"$(inherited)",
				);
				GCC_WARN_64_TO_32_BIT_CONVERSION = YES;
				GCC_WARN_ABOUT_RETURN_TYPE = YES_ERROR;
				GCC_WARN_UNDECLARED_SELECTOR = YES;
				GCC_WARN_UNINITIALIZED_AUTOS = YES_AGGRESSIVE;
				GCC_WARN_UNUSED_FUNCTION = YES;
				GCC_WARN_UNUSED_VARIABLE = YES;
				IPHONEOS_DEPLOYMENT_TARGET = 13.6;
				MTL_ENABLE_DEBUG_INFO = INCLUDE_SOURCE;
				MTL_FAST_MATH = YES;
				ONLY_ACTIVE_ARCH = YES;
				SDKROOT = iphoneos;
				SWIFT_ACTIVE_COMPILATION_CONDITIONS = DEBUG;
				SWIFT_OPTIMIZATION_LEVEL = "-Onone";
			};
			name = Debug;
		};
		FF6FCEC424F6BF2200451815 /* Release */ = {
			isa = XCBuildConfiguration;
			buildSettings = {
				ALWAYS_SEARCH_USER_PATHS = NO;
				CLANG_ANALYZER_NONNULL = YES;
				CLANG_ANALYZER_NUMBER_OBJECT_CONVERSION = YES_AGGRESSIVE;
				CLANG_CXX_LANGUAGE_STANDARD = "gnu++14";
				CLANG_CXX_LIBRARY = "libc++";
				CLANG_ENABLE_MODULES = YES;
				CLANG_ENABLE_OBJC_ARC = YES;
				CLANG_ENABLE_OBJC_WEAK = YES;
				CLANG_WARN_BLOCK_CAPTURE_AUTORELEASING = YES;
				CLANG_WARN_BOOL_CONVERSION = YES;
				CLANG_WARN_COMMA = YES;
				CLANG_WARN_CONSTANT_CONVERSION = YES;
				CLANG_WARN_DEPRECATED_OBJC_IMPLEMENTATIONS = YES;
				CLANG_WARN_DIRECT_OBJC_ISA_USAGE = YES_ERROR;
				CLANG_WARN_DOCUMENTATION_COMMENTS = YES;
				CLANG_WARN_EMPTY_BODY = YES;
				CLANG_WARN_ENUM_CONVERSION = YES;
				CLANG_WARN_INFINITE_RECURSION = YES;
				CLANG_WARN_INT_CONVERSION = YES;
				CLANG_WARN_NON_LITERAL_NULL_CONVERSION = YES;
				CLANG_WARN_OBJC_IMPLICIT_RETAIN_SELF = YES;
				CLANG_WARN_OBJC_LITERAL_CONVERSION = YES;
				CLANG_WARN_OBJC_ROOT_CLASS = YES_ERROR;
				CLANG_WARN_RANGE_LOOP_ANALYSIS = YES;
				CLANG_WARN_STRICT_PROTOTYPES = YES;
				CLANG_WARN_SUSPICIOUS_MOVE = YES;
				CLANG_WARN_UNGUARDED_AVAILABILITY = YES_AGGRESSIVE;
				CLANG_WARN_UNREACHABLE_CODE = YES;
				CLANG_WARN__DUPLICATE_METHOD_MATCH = YES;
				COPY_PHASE_STRIP = NO;
				DEBUG_INFORMATION_FORMAT = "dwarf-with-dsym";
				ENABLE_NS_ASSERTIONS = NO;
				ENABLE_STRICT_OBJC_MSGSEND = YES;
				GCC_C_LANGUAGE_STANDARD = gnu11;
				GCC_NO_COMMON_BLOCKS = YES;
				GCC_WARN_64_TO_32_BIT_CONVERSION = YES;
				GCC_WARN_ABOUT_RETURN_TYPE = YES_ERROR;
				GCC_WARN_UNDECLARED_SELECTOR = YES;
				GCC_WARN_UNINITIALIZED_AUTOS = YES_AGGRESSIVE;
				GCC_WARN_UNUSED_FUNCTION = YES;
				GCC_WARN_UNUSED_VARIABLE = YES;
				IPHONEOS_DEPLOYMENT_TARGET = 13.6;
				MTL_ENABLE_DEBUG_INFO = NO;
				MTL_FAST_MATH = YES;
				SDKROOT = iphoneos;
				SWIFT_COMPILATION_MODE = wholemodule;
				SWIFT_OPTIMIZATION_LEVEL = "-O";
				VALIDATE_PRODUCT = YES;
			};
			name = Release;
		};
		FF6FCEC624F6BF2200451815 /* Debug */ = {
			isa = XCBuildConfiguration;
			baseConfigurationReference = A7FC68437CA99C1233C92595 /* Pods-haruGomin.debug.xcconfig */;
			buildSettings = {
				ASSETCATALOG_COMPILER_APPICON_NAME = AppIcon;
				CODE_SIGN_STYLE = Automatic;
				DEVELOPMENT_TEAM = 3L398A7UTZ;
				INFOPLIST_FILE = haruGomin/Info.plist;
				LD_RUNPATH_SEARCH_PATHS = (
					"$(inherited)",
					"@executable_path/Frameworks",
				);
				PRODUCT_BUNDLE_IDENTIFIER = in.makeus.ios.haruGomin;
				PRODUCT_NAME = "$(TARGET_NAME)";
				SWIFT_VERSION = 5.0;
				TARGETED_DEVICE_FAMILY = "1,2";
			};
			name = Debug;
		};
		FF6FCEC724F6BF2200451815 /* Release */ = {
			isa = XCBuildConfiguration;
			baseConfigurationReference = 1E82307EA5C4B6C7E6375768 /* Pods-haruGomin.release.xcconfig */;
			buildSettings = {
				ASSETCATALOG_COMPILER_APPICON_NAME = AppIcon;
				CODE_SIGN_STYLE = Automatic;
				DEVELOPMENT_TEAM = 3L398A7UTZ;
				INFOPLIST_FILE = haruGomin/Info.plist;
				LD_RUNPATH_SEARCH_PATHS = (
					"$(inherited)",
					"@executable_path/Frameworks",
				);
				PRODUCT_BUNDLE_IDENTIFIER = in.makeus.ios.haruGomin;
				PRODUCT_NAME = "$(TARGET_NAME)";
				SWIFT_VERSION = 5.0;
				TARGETED_DEVICE_FAMILY = "1,2";
			};
			name = Release;
		};
/* End XCBuildConfiguration section */

/* Begin XCConfigurationList section */
		FF6FCEA924F6BF2100451815 /* Build configuration list for PBXProject "haruGomin" */ = {
			isa = XCConfigurationList;
			buildConfigurations = (
				FF6FCEC324F6BF2200451815 /* Debug */,
				FF6FCEC424F6BF2200451815 /* Release */,
			);
			defaultConfigurationIsVisible = 0;
			defaultConfigurationName = Release;
		};
		FF6FCEC524F6BF2200451815 /* Build configuration list for PBXNativeTarget "haruGomin" */ = {
			isa = XCConfigurationList;
			buildConfigurations = (
				FF6FCEC624F6BF2200451815 /* Debug */,
				FF6FCEC724F6BF2200451815 /* Release */,
			);
			defaultConfigurationIsVisible = 0;
			defaultConfigurationName = Release;
		};
/* End XCConfigurationList section */

/* Begin XCVersionGroup section */
		FF6FCEBA24F6BF2100451815 /* haruGomin.xcdatamodeld */ = {
			isa = XCVersionGroup;
			children = (
				FF6FCEBB24F6BF2100451815 /* haruGomin.xcdatamodel */,
			);
			currentVersion = FF6FCEBB24F6BF2100451815 /* haruGomin.xcdatamodel */;
			path = haruGomin.xcdatamodeld;
			sourceTree = "<group>";
			versionGroupType = wrapper.xcdatamodel;
		};
/* End XCVersionGroup section */
	};
	rootObject = FF6FCEA624F6BF2100451815 /* Project object */;
}
