PODS:
  - Alamofire (5.2.2)
  - AlignedCollectionViewFlowLayout (1.1.2)
  - Kingfisher (5.15.5):
    - Kingfisher/Core (= 5.15.5)
  - Kingfisher/Core (5.15.5)
  - lottie-ios (3.1.8)
  - Pageboy (3.6.1)
  - SnapKit (5.0.1)
  - Tabman (2.9.1):
    - Pageboy (~> 3.6.0)

DEPENDENCIES:
  - Alamofire
  - AlignedCollectionViewFlowLayout
  - Kingfisher
  - lottie-ios
  - SnapKit (~> 5.0.0)
  - Tabman (~> 2.9)

SPEC REPOS:
  trunk:
    - Alamofire
    - AlignedCollectionViewFlowLayout
    - Kingfisher
    - lottie-ios
    - Pageboy
    - SnapKit
    - Tabman

SPEC CHECKSUMS:
  Alamofire: 814429acc853c6c54ff123fc3d2ef66803823ce0
  AlignedCollectionViewFlowLayout: ee2ef451e741ec08f8e0967d828001e2f051c20a
  Kingfisher: e3ec347a5ab8817b7585ef46923a2d2b9a7d8fbe
  lottie-ios: 48fac6be217c76937e36e340e2d09cf7b10b7f5f
  Pageboy: 29a2d474ad99404b4d77f325e0ab6d705930a4fb
  SnapKit: 97b92857e3df3a0c71833cce143274bf6ef8e5eb
  Tabman: 085d89c65be9e883629bdaf5b1453a6397e57846

PODFILE CHECKSUM: b31400cd5bf8f0bb94c6a2465b9942946e4f7da7

COCOAPODS: 1.9.1
